{
	"name": "velocitous",
	"version": "1.1.14",
	"lockfileVersion": 2,
	"requires": true,
	"packages": {
		"": {
			"version": "1.1.14",
			"license": "ISC",
			"dependencies": {
				"velocitous": "^1.1.13"
			},
			"devDependencies": {
				"@types/node": "^14.14.27"
			}
		},
		"node_modules/@types/node": {
			"version": "14.14.27",
			"resolved": "https://registry.npmjs.org/@types/node/-/node-14.14.27.tgz",
			"integrity": "sha512-Ecfmo4YDQPwuqTCl1yBxLV5ihKfRlkBmzUEDcfIRvDxOTGQEeikr317Ln7Gcv0tjA8dVgKI3rniqW2G1OyKDng==",
			"dev": true
		},
		"node_modules/velocitous": {
			"version": "1.1.13",
			"resolved": "https://registry.npmjs.org/velocitous/-/velocitous-1.1.13.tgz",
			"integrity": "sha512-4qVy+WUXd/aVY5meL/vRWU9XX3NgqBaYFIXCi14JBE30sCSQrOkmPwtwAZMsU75KDdcLh6DsnsaWY02z5hk0tQ=="
		}
	},
	"dependencies": {
		"@types/node": {
			"version": "14.14.27",
			"resolved": "https://registry.npmjs.org/@types/node/-/node-14.14.27.tgz",
			"integrity": "sha512-Ecfmo4YDQPwuqTCl1yBxLV5ihKfRlkBmzUEDcfIRvDxOTGQEeikr317Ln7Gcv0tjA8dVgKI3rniqW2G1OyKDng==",
			"dev": true
		},
		"velocitous": {
			"version": "1.1.13",
			"resolved": "https://registry.npmjs.org/velocitous/-/velocitous-1.1.13.tgz",
			"integrity": "sha512-4qVy+WUXd/aVY5meL/vRWU9XX3NgqBaYFIXCi14JBE30sCSQrOkmPwtwAZMsU75KDdcLh6DsnsaWY02z5hk0tQ=="
		}
	}
}
